<?xml version="1.0" encoding="utf-8"?>
<Project ToolsVersion="4.0" xmlns="http://schemas.microsoft.com/developer/msbuild/2003">
  <ItemGroup>
    <Filter Include="Fichiers sources">
      <UniqueIdentifier>{4FC737F1-C7A5-4376-A066-2A32D752A2FF}</UniqueIdentifier>
      <Extensions>cpp;c;cc;cxx;def;odl;idl;hpj;bat;asm;asmx</Extensions>
    </Filter>
    <Filter Include="Fichiers d%27en-tête">
      <UniqueIdentifier>{93995380-89BD-4b04-88EB-625FBE52EBFB}</UniqueIdentifier>
      <Extensions>h;hh;hpp;hxx;hm;inl;inc;xsd</Extensions>
    </Filter>
    <Filter Include="Fichiers de ressources">
      <UniqueIdentifier>{67DA6AB6-F800-4c08-8B7A-83BB121AAD01}</UniqueIdentifier>
      <Extensions>rc;ico;cur;bmp;dlg;rc2;rct;bin;rgs;gif;jpg;jpeg;jpe;resx;tiff;tif;png;wav;mfcribbon-ms</Extensions>
    </Filter>
  </ItemGroup>
  <ItemGroup>
    <FxCompile Include="MainPixelShader.hlsl" />
    <FxCompile Include="MainVertexShader.hlsl" />
    <FxCompile Include="PixelShaderSolid.hlsl" />
    <FxCompile Include="PixelShaderTexture.hlsl" />
    <FxCompile Include="VertexShader.hlsl" />
    <FxCompile Include="MainPixelShaderBpp2ColorKey20.hlsl" />
    <FxCompile Include="MainPixelShaderBpp4ColorKey20.hlsl" />
    <FxCompile Include="MainPixelShaderBpp2ColorKey00.hlsl" />
    <FxCompile Include="XwaD3dVertexShader.hlsl" />
    <FxCompile Include="XwaD3dPixelShader.hlsl" />
    <FxCompile Include="XwaD3dShadowVertexShader.hlsl" />
    <FxCompile Include="XwaD3dShadowPixelShader.hlsl" />
    <FxCompile Include="SBSVertexShader.hlsl" />
    <FxCompile Include="BarrelPixelShader.hlsl" />
    <FxCompile Include="SingleBarrelPixelShader.hlsl" />
    <FxCompile Include="bloom\BloomHGaussPS.hlsl" />
    <FxCompile Include="bloom\BloomVGaussPS.hlsl" />
    <FxCompile Include="bloom\BloomCombinePS.hlsl" />
    <FxCompile Include="PassthroughVertexShader.hlsl" />
    <FxCompile Include="PixelShaderClearBox.hlsl" />
    <FxCompile Include="PixelShaderDC.hlsl" />
    <FxCompile Include="PixelShaderHUD.hlsl" />
    <FxCompile Include="SSAO\SSAOPixelShader.hlsl" />
    <FxCompile Include="SSAO\SSAOBlurPixelShader.hlsl" />
    <FxCompile Include="SSAO\SSAOAddPixelShader.hlsl" />
    <FxCompile Include="PixelShaderEmptyDC.hlsl" />
    <FxCompile Include="SSDO\SSDOIndirect.hlsl" />
    <FxCompile Include="SSDO\SSDODirect.hlsl" />
    <FxCompile Include="SSDO\SSDOAdd.hlsl" />
    <FxCompile Include="SSDO\SSDOBlur.hlsl" />
    <FxCompile Include="DeathStarShader.hlsl" />
    <FxCompile Include="HyperEntry.hlsl" />
    <FxCompile Include="HyperTunnel.hlsl" />
    <FxCompile Include="HyperExit.hlsl" />
    <FxCompile Include="HyperCompose.hlsl" />
    <FxCompile Include="HyperZoom.hlsl" />
    <FxCompile Include="LaserPointerVR.hlsl" />
    <FxCompile Include="FXAA.hlsl" />
    <FxCompile Include="ExternalHUDShader.hlsl" />
    <FxCompile Include="SunFlareShader.hlsl" />
    <FxCompile Include="SunShader.hlsl" />
    <FxCompile Include="SunFlareCompose.hlsl" />
    <FxCompile Include="SpeedEffectCompose.hlsl" />
    <FxCompile Include="SpeedEffectVertexShader.hlsl" />
    <FxCompile Include="AddGeometryVertexShader.hlsl" />
    <FxCompile Include="AddGeometryPixelShader.hlsl" />
    <FxCompile Include="AddGeometryComposePixelShader.hlsl" />
    <FxCompile Include="HeadLightsPS.hlsl" />
    <FxCompile Include="HeadLightsSSAOPS.hlsl" />
    <FxCompile Include="ShadowMapPS.hlsl" />
    <FxCompile Include="ShadowMapVS.hlsl" />
    <FxCompile Include="EdgeDetector.hlsl" />
    <FxCompile Include="SpeedEffectPixelShader.hlsl" />
    <FxCompile Include="SteamVRMirrorPixelShader.hlsl" />
    <FxCompile Include="StarDebug.hlsl" />
    <FxCompile Include="PixelShaderDCHolo.hlsl" />
    <FxCompile Include="LavaPixelShader.hlsl" />
    <FxCompile Include="ExplosionShader.hlsl" />
    <FxCompile Include="AlphaToBloomPS.hlsl" />
    <FxCompile Include="PixelShaderNoGlass.hlsl" />
    <FxCompile Include="PixelShaderGreeble.hlsl" />
    <FxCompile Include="SimpleResizePS.hlsl" />
    <FxCompile Include="PixelShaderAnim.hlsl" />
    <FxCompile Include="XwaD3dShadowVertexShaderVR.hlsl" />
    <FxCompile Include="XwaD3dVertexShaderVR.hlsl" />
    <FxCompile Include="DATVertexShaderVR.hlsl" />
    <FxCompile Include="HangarShadowMapVS.hlsl" />
    <FxCompile Include="XwaD3DTechRoomPixelShader.hlsl" />
    <FxCompile Include="PixelShaderAnimDAT.hlsl" />
    <FxCompile Include="LevelsPS.hlsl" />
    <FxCompile Include="XwaD3dCSMVertexShader.hlsl" />
    <FxCompile Include="RT\RTShadowMaskPS.hlsl" />
    <FxCompile Include="PBRAdd.hlsl" />
    <FxCompile Include="MainVertexShaderVR.hlsl" />
    <FxCompile Include="SpeedEffectVertexShaderVR.hlsl" />
    <FxCompile Include="FXAA_VR.hlsl" />
    <FxCompile Include="HyperComposeVR.hlsl" />
    <FxCompile Include="SpeedEffectComposeVR.hlsl" />
    <FxCompile Include="bloom\BloomHGaussPS_VR.hlsl" />
    <FxCompile Include="bloom\BloomVGaussPS_VR.hlsl" />
    <FxCompile Include="bloom\BloomBufferAddPS_VR.hlsl" />
    <FxCompile Include="bloom\BloomBufferAddPS.hlsl" />
    <FxCompile Include="bloom\BloomCombinePS_VR.hlsl" />
    <FxCompile Include="SSAO\SSAOBlurPixelShaderVR.hlsl" />
    <FxCompile Include="SSAO\SSAOPixelShaderVR.hlsl" />
    <FxCompile Include="SunFlareComposeVR.hlsl" />
    <FxCompile Include="ExternalHUDShaderVR.hlsl" />
    <FxCompile Include="HeadLightsPS_VR.hlsl" />
    <FxCompile Include="SSDO\SSDOBlurVR.hlsl" />
    <FxCompile Include="SSDO\SSDOAddVR.hlsl" />
    <FxCompile Include="PBRAddVR.hlsl" />
    <FxCompile Include="RT\RTShadowMaskPS_VR.hlsl" />
    <FxCompile Include="SSDO\SSDODirectVR.hlsl" />
    <FxCompile Include="SunFlareShaderVR.hlsl" />
    <FxCompile Include="LaserPointer.hlsl" />
    <FxCompile Include="PixelShaderVRGeom.hlsl" />
  </ItemGroup>
  <ItemGroup>
    <None Include="bloom\BloomCommon.fxh">
      <Filter>Fichiers d%27en-tête</Filter>
    </None>
  </ItemGroup>
  <ItemGroup>
    <ClInclude Include="HSV.h">
      <Filter>Fichiers d%27en-tête</Filter>
    </ClInclude>
    <ClInclude Include="ShaderToyDefs.h">
      <Filter>Fichiers d%27en-tête</Filter>
    </ClInclude>
    <ClInclude Include="shader_common.h">
      <Filter>Fichiers d%27en-tête</Filter>
    </ClInclude>
    <ClInclude Include="shading_system.h">
      <Filter>Fichiers d%27en-tête</Filter>
    </ClInclude>
    <ClInclude Include="material_defs.h">
      <Filter>Fichiers d%27en-tête</Filter>
    </ClInclude>
    <ClInclude Include="SSAOPSConstantBuffer.h">
      <Filter>Fichiers d%27en-tête</Filter>
    </ClInclude>
    <ClInclude Include="PixelShaderTextureCommon.h">
      <Filter>Fichiers d%27en-tête</Filter>
    </ClInclude>
    <ClInclude Include="ShadertoyCBuffer.h">
      <Filter>Fichiers d%27en-tête</Filter>
    </ClInclude>
    <ClInclude Include="shadow_mapping_common.h">
      <Filter>Fichiers d%27en-tête</Filter>
    </ClInclude>
    <ClInclude Include="metric_common.h">
      <Filter>Fichiers d%27en-tête</Filter>
    </ClInclude>
    <ClInclude Include="VertexShaderCBuffer.h">
      <Filter>Fichiers d%27en-tête</Filter>
    </ClInclude>
    <ClInclude Include="DC_common.h">
      <Filter>Fichiers d%27en-tête</Filter>
    </ClInclude>
    <ClInclude Include="NormalMapping.h">
      <Filter>Fichiers d%27en-tête</Filter>
    </ClInclude>
    <ClInclude Include="VertexShaderMatrixCB.h">
      <Filter>Fichiers d%27en-tête</Filter>
    </ClInclude>
    <ClInclude Include="RT\RTCommon.h">
      <Filter>Fichiers d%27en-tête</Filter>
    </ClInclude>
    <ClInclude Include="PBRShading.h">
      <Filter>Fichiers d%27en-tête</Filter>
    </ClInclude>
    <ClInclude Include="MainVertexShaderCommon.h">
      <Filter>Fichiers d%27en-tête</Filter>
    </ClInclude>
    <ClInclude Include="SpeedEffectVertexShaderCommon.h">
      <Filter>Fichiers d%27en-tête</Filter>
    </ClInclude>
    <ClInclude Include="FXAACommon.h">
      <Filter>Fichiers d%27en-tête</Filter>
    </ClInclude>
    <ClInclude Include="HyperComposeCommon.h">
      <Filter>Fichiers d%27en-tête</Filter>
    </ClInclude>
    <ClInclude Include="SpeedEffectComposeCommon.h">
      <Filter>Fichiers d%27en-tête</Filter>
    </ClInclude>
    <ClInclude Include="bloom\BloomHGaussPSCommon.h">
      <Filter>Fichiers d%27en-tête</Filter>
    </ClInclude>
    <ClInclude Include="bloom\BloomVGaussPSCommon.h">
      <Filter>Fichiers d%27en-tête</Filter>
    </ClInclude>
    <ClInclude Include="bloom\BloomBufferAddPSCommon.h">
      <Filter>Fichiers d%27en-tête</Filter>
    </ClInclude>
    <ClInclude Include="bloom\BloomCombinePSCommon.h">
      <Filter>Fichiers d%27en-tête</Filter>
    </ClInclude>
    <ClInclude Include="SSAO\SSAOBlurPixelShaderCommon.h">
      <Filter>Fichiers d%27en-tête</Filter>
    </ClInclude>
    <ClInclude Include="SSAO\SSAOPixelShaderCommon.h">
      <Filter>Fichiers d%27en-tête</Filter>
    </ClInclude>
    <ClInclude Include="SunFlareComposeCommon.h">
      <Filter>Fichiers d%27en-tête</Filter>
    </ClInclude>
    <ClInclude Include="ExternalHUDShaderCommon.h">
      <Filter>Fichiers d%27en-tête</Filter>
    </ClInclude>
    <ClInclude Include="HeadLightsPSCommon.h">
      <Filter>Fichiers d%27en-tête</Filter>
    </ClInclude>
    <ClInclude Include="SSDO\SSDOBlurCommon.h">
      <Filter>Fichiers d%27en-tête</Filter>
    </ClInclude>
    <ClInclude Include="SSDO\SSDOAddCommon.h">
      <Filter>Fichiers d%27en-tête</Filter>
    </ClInclude>
    <ClInclude Include="PBRAddCommon.h">
      <Filter>Fichiers d%27en-tête</Filter>
    </ClInclude>
    <ClInclude Include="RT\RTShadowMaskPSCommon.h">
      <Filter>Fichiers d%27en-tête</Filter>
    </ClInclude>
    <ClInclude Include="SSDO\SSDODirectCommon.h">
      <Filter>Fichiers d%27en-tête</Filter>
    </ClInclude>
    <ClInclude Include="SunFlareShaderCommon.h">
      <Filter>Fichiers d%27en-tête</Filter>
    </ClInclude>
    <ClInclude Include="LaserPointerCommon.h">
      <Filter>Fichiers d%27en-tête</Filter>
    </ClInclude>
  </ItemGroup>
  <ItemGroup>
    <Text Include="XwaD3dCommon.hlsl" />
  </ItemGroup>
</Project>